<?xml version="1.0" encoding="utf-8"?>
<Project ToolsVersion="4.0" xmlns="http://schemas.microsoft.com/developer/msbuild/2003">
  <ItemGroup>
    <Filter Include="Archivos de código fuente">
      <UniqueIdentifier>{4FC737F1-C7A5-4376-A066-2A32D752A2FF}</UniqueIdentifier>
      <Extensions>cpp;c;cc;cxx;def;odl;idl;hpj;bat;asm;asmx</Extensions>
    </Filter>
  </ItemGroup>
  <ItemGroup>
    <ClCompile Include="enemy.cpp">
      <Filter>Archivos de código fuente</Filter>
    </ClCompile>
    <ClCompile Include="main.cpp">
      <Filter>Archivos de código fuente</Filter>
    </ClCompile>
    <ClCompile Include="world.cpp">
      <Filter>Archivos de código fuente</Filter>
    </ClCompile>
    <ClCompile Include="exit.cpp">
      <Filter>Archivos de código fuente</Filter>
    </ClCompile>
    <ClCompile Include="entity.cpp">
      <Filter>Archivos de código fuente</Filter>
    </ClCompile>
    <ClCompile Include="item.cpp">
      <Filter>Archivos de código fuente</Filter>
    </ClCompile>
    <ClCompile Include="player.cpp">
      <Filter>Archivos de código fuente</Filter>
    </ClCompile>
    <ClCompile Include="room.cpp">
      <Filter>Archivos de código fuente</Filter>
    </ClCompile>
    <ClCompile Include="input.cpp">
      <Filter>Archivos de código fuente</Filter>
    </ClCompile>
    <ClCompile Include="box.cpp">
      <Filter>Archivos de código fuente</Filter>
    </ClCompile>
  </ItemGroup>
  <ItemGroup>
    <ClInclude Include="enemy.h">
      <Filter>Archivos de código fuente</Filter>
    </ClInclude>
    <ClInclude Include="p2string.h">
      <Filter>Archivos de código fuente</Filter>
    </ClInclude>
    <ClInclude Include="world.h">
      <Filter>Archivos de código fuente</Filter>
    </ClInclude>
    <ClInclude Include="exit.h">
      <Filter>Archivos de código fuente</Filter>
    </ClInclude>
    <ClInclude Include="entity.h">
      <Filter>Archivos de código fuente</Filter>
    </ClInclude>
    <ClInclude Include="item.h">
      <Filter>Archivos de código fuente</Filter>
    </ClInclude>
    <ClInclude Include="player.h">
      <Filter>Archivos de código fuente</Filter>
    </ClInclude>
    <ClInclude Include="room.h">
      <Filter>Archivos de código fuente</Filter>
    </ClInclude>
    <ClInclude Include="input.h">
      <Filter>Archivos de código fuente</Filter>
    </ClInclude>
    <ClInclude Include="p2vector.h">
      <Filter>Archivos de código fuente</Filter>
    </ClInclude>
    <ClInclude Include="box.h">
      <Filter>Archivos de código fuente</Filter>
    </ClInclude>
    <ClInclude Include="memleaks.h">
      <Filter>Archivos de código fuente</Filter>
    </ClInclude>
  </ItemGroup>
</Project>